
Microsoft Visual Studio Solution File, Format Version 12.00
# Visual Studio 15
VisualStudioVersion = 15.0.28307.168
MinimumVisualStudioVersion = 10.0.40219.1
Project("{FAE04EC0-301F-11D3-BF4B-00C04F79EFBC}") = "Net.Bluewalk.HarmonyHub2Mqtt", "Net.Bluewalk.HarmonyHub2Mqtt\Net.Bluewalk.HarmonyHub2Mqtt.csproj", "{1E88E33C-14E9-47F7-B25C-44F3D265051B}"
EndProject
Project("{FAE04EC0-301F-11D3-BF4B-00C04F79EFBC}") = "Net.Bluewalk.HarmonyHub2Mqtt.Service", "Net.Bluewalk.HarmonyHub2Mqtt.Service\Net.Bluewalk.HarmonyHub2Mqtt.Service.csproj", "{7D070893-6F44-4890-9712-25CCF46CE89B}"
EndProject
Project("{2150E333-8FDC-42A3-9474-1A3956D46DE8}") = "Solution Items", "Solution Items", "{61F9E353-CEAE-4E6E-8953-B7AC3A17659B}"
	ProjectSection(SolutionItems) = preProject
		AssemblyVersionInfo.cs = AssemblyVersionInfo.cs
	EndProjectSection
EndProject
Project("{9A19103F-16F7-4668-BE54-9A1E7A4F7556}") = "Harmony", "Lib\Harmony.NET\Harmony\Harmony.csproj", "{B6F58ED5-8F0A-4428-BDD0-413E684D199D}"
EndProject
Global
	GlobalSection(SolutionConfigurationPlatforms) = preSolution
		Debug|Any CPU = Debug|Any CPU
		Release|Any CPU = Release|Any CPU
	EndGlobalSection
	GlobalSection(ProjectConfigurationPlatforms) = postSolution
		{1E88E33C-14E9-47F7-B25C-44F3D265051B}.Debug|Any CPU.ActiveCfg = Debug|Any CPU
		{1E88E33C-14E9-47F7-B25C-44F3D265051B}.Debug|Any CPU.Build.0 = Debug|Any CPU
		{1E88E33C-14E9-47F7-B25C-44F3D265051B}.Release|Any CPU.ActiveCfg = Release|Any CPU
		{1E88E33C-14E9-47F7-B25C-44F3D265051B}.Release|Any CPU.Build.0 = Release|Any CPU
		{7D070893-6F44-4890-9712-25CCF46CE89B}.Debug|Any CPU.ActiveCfg = Debug|Any CPU
		{7D070893-6F44-4890-9712-25CCF46CE89B}.Debug|Any CPU.Build.0 = Debug|Any CPU
		{7D070893-6F44-4890-9712-25CCF46CE89B}.Release|Any CPU.ActiveCfg = Release|Any CPU
		{7D070893-6F44-4890-9712-25CCF46CE89B}.Release|Any CPU.Build.0 = Release|Any CPU
		{B6F58ED5-8F0A-4428-BDD0-413E684D199D}.Debug|Any CPU.ActiveCfg = Debug|Any CPU
		{B6F58ED5-8F0A-4428-BDD0-413E684D199D}.Debug|Any CPU.Build.0 = Debug|Any CPU
		{B6F58ED5-8F0A-4428-BDD0-413E684D199D}.Release|Any CPU.ActiveCfg = Release|Any CPU
		{B6F58ED5-8F0A-4428-BDD0-413E684D199D}.Release|Any CPU.Build.0 = Release|Any CPU
	EndGlobalSection
	GlobalSection(SolutionProperties) = preSolution
		HideSolutionNode = FALSE
	EndGlobalSection
	GlobalSection(ExtensibilityGlobals) = postSolution
		SolutionGuid = {0C9A40E1-170A-4894-91C1-0D75184FAFBF}
	EndGlobalSection
EndGlobal
